
Microsoft Visual Studio Solution File, Format Version 12.00
# Visual Studio Version 16
VisualStudioVersion = 16.0.30011.22
MinimumVisualStudioVersion = 10.0.40219.1
Project("{FAE04EC0-301F-11D3-BF4B-00C04F79EFBC}") = "Dataconverting", "Dataconverting\Dataconverting.csproj", "{968F7452-B856-4EC6-AD9D-B672B0EDC3EC}"
EndProject
Global
	GlobalSection(SolutionConfigurationPlatforms) = preSolution
		Debug|Any CPU = Debug|Any CPU
		Release|Any CPU = Release|Any CPU
	EndGlobalSection
	GlobalSection(ProjectConfigurationPlatforms) = postSolution
		{968F7452-B856-4EC6-AD9D-B672B0EDC3EC}.Debug|Any CPU.ActiveCfg = Debug|Any CPU
		{968F7452-B856-4EC6-AD9D-B672B0EDC3EC}.Debug|Any CPU.Build.0 = Debug|Any CPU
		{968F7452-B856-4EC6-AD9D-B672B0EDC3EC}.Release|Any CPU.ActiveCfg = Release|Any CPU
		{968F7452-B856-4EC6-AD9D-B672B0EDC3EC}.Release|Any CPU.Build.0 = Release|Any CPU
	EndGlobalSection
	GlobalSection(SolutionProperties) = preSolution
		HideSolutionNode = FALSE
	EndGlobalSection
	GlobalSection(ExtensibilityGlobals) = postSolution
		SolutionGuid = {64B52804-A437-438B-8422-CC046DFB5371}
	EndGlobalSection
EndGlobal
